
Microsoft Visual Studio Solution File, Format Version 12.00
# Visual Studio Version 16
VisualStudioVersion = 16.0.33130.400
MinimumVisualStudioVersion = 10.0.40219.1
Project("{C9674DCB-5085-4A16-B785-4C70DD1589BD}") = "SSIS_Project_Tardis", "SSIS_Project_Tardis\SSIS_Project_Tardis.dtproj", "{A613830C-D34E-4F98-9917-476B8A586935}"
EndProject
Global
	GlobalSection(SolutionConfigurationPlatforms) = preSolution
		Development|Default = Development|Default
	EndGlobalSection
	GlobalSection(ProjectConfigurationPlatforms) = postSolution
		{A613830C-D34E-4F98-9917-476B8A586935}.Development|Default.ActiveCfg = Development
		{A613830C-D34E-4F98-9917-476B8A586935}.Development|Default.Build.0 = Development
	EndGlobalSection
	GlobalSection(SolutionProperties) = preSolution
		HideSolutionNode = FALSE
	EndGlobalSection
	GlobalSection(ExtensibilityGlobals) = postSolution
		SolutionGuid = {1450CC54-80F4-4C35-B2B9-D71EF754678A}
	EndGlobalSection
EndGlobal
